
Microsoft Visual Studio Solution File, Format Version 12.00
# Visual Studio Version 16
VisualStudioVersion = 16.0.29009.5
MinimumVisualStudioVersion = 10.0.40219.1
Project("{FAE04EC0-301F-11D3-BF4B-00C04F79EFBC}") = "MES", "MES.csproj", "{8044B067-CAB2-4389-AEFB-DA5E8D28C55E}"
EndProject
Project("{9A19103F-16F7-4668-BE54-9A1E7A4F7556}") = "SQ_DB_Framework", "SQ_DB_Framework\SQ_DB_Framework.csproj", "{D2BD4D26-0F91-4DAB-BDE4-C92A6DEE3E51}"
EndProject
Project("{FAE04EC0-301F-11D3-BF4B-00C04F79EFBC}") = "SQ_Render", "SQ_Render\SQ_Render.csproj", "{772B7647-C776-48E2-9EE3-D96F213A2B03}"
EndProject
Project("{9A19103F-16F7-4668-BE54-9A1E7A4F7556}") = "SQ_DB_FrameworkTest", "..\SQ_DB_FrameworkTest\SQ_DB_FrameworkTest\SQ_DB_FrameworkTest.csproj", "{AD7FF097-169E-4B99-912C-3A488F595CDF}"
EndProject
Global
	GlobalSection(SolutionConfigurationPlatforms) = preSolution
		Debug|Any CPU = Debug|Any CPU
		Debug|x64 = Debug|x64
		Debug|x86 = Debug|x86
		Release|Any CPU = Release|Any CPU
		Release|x64 = Release|x64
		Release|x86 = Release|x86
	EndGlobalSection
	GlobalSection(ProjectConfigurationPlatforms) = postSolution
		{8044B067-CAB2-4389-AEFB-DA5E8D28C55E}.Debug|Any CPU.ActiveCfg = Debug|Any CPU
		{8044B067-CAB2-4389-AEFB-DA5E8D28C55E}.Debug|Any CPU.Build.0 = Debug|Any CPU
		{8044B067-CAB2-4389-AEFB-DA5E8D28C55E}.Debug|x64.ActiveCfg = Debug|x64
		{8044B067-CAB2-4389-AEFB-DA5E8D28C55E}.Debug|x64.Build.0 = Debug|x64
		{8044B067-CAB2-4389-AEFB-DA5E8D28C55E}.Debug|x86.ActiveCfg = Debug|x86
		{8044B067-CAB2-4389-AEFB-DA5E8D28C55E}.Debug|x86.Build.0 = Debug|x86
		{8044B067-CAB2-4389-AEFB-DA5E8D28C55E}.Release|Any CPU.ActiveCfg = Release|Any CPU
		{8044B067-CAB2-4389-AEFB-DA5E8D28C55E}.Release|Any CPU.Build.0 = Release|Any CPU
		{8044B067-CAB2-4389-AEFB-DA5E8D28C55E}.Release|x64.ActiveCfg = Release|x64
		{8044B067-CAB2-4389-AEFB-DA5E8D28C55E}.Release|x64.Build.0 = Release|x64
		{8044B067-CAB2-4389-AEFB-DA5E8D28C55E}.Release|x86.ActiveCfg = Release|x86
		{8044B067-CAB2-4389-AEFB-DA5E8D28C55E}.Release|x86.Build.0 = Release|x86
		{D2BD4D26-0F91-4DAB-BDE4-C92A6DEE3E51}.Debug|Any CPU.ActiveCfg = Debug|Any CPU
		{D2BD4D26-0F91-4DAB-BDE4-C92A6DEE3E51}.Debug|Any CPU.Build.0 = Debug|Any CPU
		{D2BD4D26-0F91-4DAB-BDE4-C92A6DEE3E51}.Debug|x64.ActiveCfg = Debug|x64
		{D2BD4D26-0F91-4DAB-BDE4-C92A6DEE3E51}.Debug|x64.Build.0 = Debug|x64
		{D2BD4D26-0F91-4DAB-BDE4-C92A6DEE3E51}.Debug|x86.ActiveCfg = Debug|x86
		{D2BD4D26-0F91-4DAB-BDE4-C92A6DEE3E51}.Debug|x86.Build.0 = Debug|x86
		{D2BD4D26-0F91-4DAB-BDE4-C92A6DEE3E51}.Release|Any CPU.ActiveCfg = Release|Any CPU
		{D2BD4D26-0F91-4DAB-BDE4-C92A6DEE3E51}.Release|Any CPU.Build.0 = Release|Any CPU
		{D2BD4D26-0F91-4DAB-BDE4-C92A6DEE3E51}.Release|x64.ActiveCfg = Release|x64
		{D2BD4D26-0F91-4DAB-BDE4-C92A6DEE3E51}.Release|x64.Build.0 = Release|x64
		{D2BD4D26-0F91-4DAB-BDE4-C92A6DEE3E51}.Release|x86.ActiveCfg = Release|x86
		{D2BD4D26-0F91-4DAB-BDE4-C92A6DEE3E51}.Release|x86.Build.0 = Release|x86
		{772B7647-C776-48E2-9EE3-D96F213A2B03}.Debug|Any CPU.ActiveCfg = Debug|Any CPU
		{772B7647-C776-48E2-9EE3-D96F213A2B03}.Debug|Any CPU.Build.0 = Debug|Any CPU
		{772B7647-C776-48E2-9EE3-D96F213A2B03}.Debug|x64.ActiveCfg = Debug|x64
		{772B7647-C776-48E2-9EE3-D96F213A2B03}.Debug|x64.Build.0 = Debug|x64
		{772B7647-C776-48E2-9EE3-D96F213A2B03}.Debug|x86.ActiveCfg = Debug|x86
		{772B7647-C776-48E2-9EE3-D96F213A2B03}.Debug|x86.Build.0 = Debug|x86
		{772B7647-C776-48E2-9EE3-D96F213A2B03}.Release|Any CPU.ActiveCfg = Release|Any CPU
		{772B7647-C776-48E2-9EE3-D96F213A2B03}.Release|Any CPU.Build.0 = Release|Any CPU
		{772B7647-C776-48E2-9EE3-D96F213A2B03}.Release|x64.ActiveCfg = Release|x64
		{772B7647-C776-48E2-9EE3-D96F213A2B03}.Release|x64.Build.0 = Release|x64
		{772B7647-C776-48E2-9EE3-D96F213A2B03}.Release|x86.ActiveCfg = Release|x86
		{772B7647-C776-48E2-9EE3-D96F213A2B03}.Release|x86.Build.0 = Release|x86
		{AD7FF097-169E-4B99-912C-3A488F595CDF}.Debug|Any CPU.ActiveCfg = Debug|Any CPU
		{AD7FF097-169E-4B99-912C-3A488F595CDF}.Debug|Any CPU.Build.0 = Debug|Any CPU
		{AD7FF097-169E-4B99-912C-3A488F595CDF}.Debug|x64.ActiveCfg = Debug|x64
		{AD7FF097-169E-4B99-912C-3A488F595CDF}.Debug|x64.Build.0 = Debug|x64
		{AD7FF097-169E-4B99-912C-3A488F595CDF}.Debug|x86.ActiveCfg = Debug|x86
		{AD7FF097-169E-4B99-912C-3A488F595CDF}.Debug|x86.Build.0 = Debug|x86
		{AD7FF097-169E-4B99-912C-3A488F595CDF}.Release|Any CPU.ActiveCfg = Release|Any CPU
		{AD7FF097-169E-4B99-912C-3A488F595CDF}.Release|Any CPU.Build.0 = Release|Any CPU
		{AD7FF097-169E-4B99-912C-3A488F595CDF}.Release|x64.ActiveCfg = Release|x64
		{AD7FF097-169E-4B99-912C-3A488F595CDF}.Release|x64.Build.0 = Release|x64
		{AD7FF097-169E-4B99-912C-3A488F595CDF}.Release|x86.ActiveCfg = Release|x86
		{AD7FF097-169E-4B99-912C-3A488F595CDF}.Release|x86.Build.0 = Release|x86
	EndGlobalSection
	GlobalSection(SolutionProperties) = preSolution
		HideSolutionNode = FALSE
	EndGlobalSection
	GlobalSection(ExtensibilityGlobals) = postSolution
		SolutionGuid = {F3BE5CCE-1592-4476-B87C-42C4BBD4B1B9}
	EndGlobalSection
EndGlobal
