
Microsoft Visual Studio Solution File, Format Version 12.00
# Visual Studio Version 16
VisualStudioVersion = 16.0.29009.5
MinimumVisualStudioVersion = 10.0.40219.1
Project("{FAE04EC0-301F-11D3-BF4B-00C04F79EFBC}") = "MES", "MES.csproj", "{8044B067-CAB2-4389-AEFB-DA5E8D28C55E}"
EndProject
Project("{FAE04EC0-301F-11D3-BF4B-00C04F79EFBC}") = "SQ_DB_Framework", "SQ_DB_Framework\SQ_DB_Framework.csproj", "{D2BD4D26-0F91-4DAB-BDE4-C92A6DEE3E51}"
EndProject
Global
	GlobalSection(SolutionConfigurationPlatforms) = preSolution
		Debug|Any CPU = Debug|Any CPU
		Release|Any CPU = Release|Any CPU
	EndGlobalSection
	GlobalSection(ProjectConfigurationPlatforms) = postSolution
		{8044B067-CAB2-4389-AEFB-DA5E8D28C55E}.Debug|Any CPU.ActiveCfg = Debug|Any CPU
		{8044B067-CAB2-4389-AEFB-DA5E8D28C55E}.Debug|Any CPU.Build.0 = Debug|Any CPU
		{8044B067-CAB2-4389-AEFB-DA5E8D28C55E}.Release|Any CPU.ActiveCfg = Release|Any CPU
		{8044B067-CAB2-4389-AEFB-DA5E8D28C55E}.Release|Any CPU.Build.0 = Release|Any CPU
		{D2BD4D26-0F91-4DAB-BDE4-C92A6DEE3E51}.Debug|Any CPU.ActiveCfg = Debug|Any CPU
		{D2BD4D26-0F91-4DAB-BDE4-C92A6DEE3E51}.Debug|Any CPU.Build.0 = Debug|Any CPU
		{D2BD4D26-0F91-4DAB-BDE4-C92A6DEE3E51}.Release|Any CPU.ActiveCfg = Release|Any CPU
		{D2BD4D26-0F91-4DAB-BDE4-C92A6DEE3E51}.Release|Any CPU.Build.0 = Release|Any CPU
	EndGlobalSection
	GlobalSection(SolutionProperties) = preSolution
		HideSolutionNode = FALSE
	EndGlobalSection
	GlobalSection(ExtensibilityGlobals) = postSolution
		SolutionGuid = {F3BE5CCE-1592-4476-B87C-42C4BBD4B1B9}
	EndGlobalSection
EndGlobal
